{
  "name": "clr-webui",
  "lockfileVersion": 3,
  "requires": true,
  "packages": {
    "": {
      "dependencies": {
        "chart.js": "^4.4.9",
        "react-chartjs-2": "^5.3.0"
      },
      "devDependencies": {
        "@types/chart.js": "^4.0.1",
        "@types/react-chartjs-2": "^2.5.7"
      }
    },
    "node_modules/@kurkle/color": {
      "version": "0.3.4",
      "resolved": "https://registry.npmjs.org/@kurkle/color/-/color-0.3.4.tgz",
      "integrity": "sha512-M5UknZPHRu3DEDWoipU6sE8PdkZ6Z/S+v4dD+Ke8IaNlpdSQah50lz1KtcFBa2vsdOnwbbnxJwVM4wty6udA5w=="
    },
    "node_modules/@types/chart.js": {
      "version": "4.0.1",
      "resolved": "https://registry.npmjs.org/@types/chart.js/-/chart.js-4.0.1.tgz",
      "integrity": "sha512-OwXJ6Eg14eFpCsTG6sljiGnvVpit5R9rapG7nwDnQlljsdplVIOYVuCSwy07IduCtihrOwvOnbhXKLyp3nvPcw==",
      "deprecated": "This is a stub types definition. chart.js provides its own type definitions, so you do not need this installed.",
      "dev": true,
      "dependencies": {
        "chart.js": "*"
      }
    },
    "node_modules/@types/react-chartjs-2": {
      "version": "2.5.7",
      "resolved": "https://registry.npmjs.org/@types/react-chartjs-2/-/react-chartjs-2-2.5.7.tgz",
      "integrity": "sha512-waqYqiNULIVUqaKO7MGUpFmWrVtH7gVPOzqwV4y4zgUyu/JiDwC005PpveO442HKnby9kLgp3t1SB2sld+ACLw==",
      "deprecated": "This is a stub types definition for react-chartjs-2 (https://github.com/gor181/react-chartjs-2). react-chartjs-2 provides its own type definitions, so you don't need @types/react-chartjs-2 installed!",
      "dev": true,
      "dependencies": {
        "react-chartjs-2": "*"
      }
    },
    "node_modules/chart.js": {
      "version": "4.4.9",
      "resolved": "https://registry.npmjs.org/chart.js/-/chart.js-4.4.9.tgz",
      "integrity": "sha512-EyZ9wWKgpAU0fLJ43YAEIF8sr5F2W3LqbS40ZJyHIner2lY14ufqv2VMp69MAiZ2rpwxEUxEhIH/0U3xyRynxg==",
      "dependencies": {
        "@kurkle/color": "^0.3.0"
      },
      "engines": {
        "pnpm": ">=8"
      }
    },
    "node_modules/react": {
      "version": "19.1.0",
      "resolved": "https://registry.npmjs.org/react/-/react-19.1.0.tgz",
      "integrity": "sha512-FS+XFBNvn3GTAWq26joslQgWNoFu08F4kl0J4CgdNKADkdSGXQyTCnKteIAJy96Br6YbpEU1LSzV5dYtjMkMDg==",
      "peer": true,
      "engines": {
        "node": ">=0.10.0"
      }
    },
    "node_modules/react-chartjs-2": {
      "version": "5.3.0",
      "resolved": "https://registry.npmjs.org/react-chartjs-2/-/react-chartjs-2-5.3.0.tgz",
      "integrity": "sha512-UfZZFnDsERI3c3CZGxzvNJd02SHjaSJ8kgW1djn65H1KK8rehwTjyrRKOG3VTMG8wtHZ5rgAO5oTHtHi9GCCmw==",
      "peerDependencies": {
        "chart.js": "^4.1.1",
        "react": "^16.8.0 || ^17.0.0 || ^18.0.0 || ^19.0.0"
      }
    }
  }
}
